
Microsoft Visual Studio Solution File, Format Version 12.00
# Visual Studio Version 16
VisualStudioVersion = 16.0.31702.278
MinimumVisualStudioVersion = 10.0.40219.1
Project("{FAE04EC0-301F-11D3-BF4B-00C04F79EFBC}") = "APIVentas", "APIVentas\APIVentas.csproj", "{CAE8E850-F1B9-43D5-893A-A14663DF6ED6}"
EndProject
Global
	GlobalSection(SolutionConfigurationPlatforms) = preSolution
		Debug|Any CPU = Debug|Any CPU
		Release|Any CPU = Release|Any CPU
	EndGlobalSection
	GlobalSection(ProjectConfigurationPlatforms) = postSolution
		{CAE8E850-F1B9-43D5-893A-A14663DF6ED6}.Debug|Any CPU.ActiveCfg = Debug|Any CPU
		{CAE8E850-F1B9-43D5-893A-A14663DF6ED6}.Debug|Any CPU.Build.0 = Debug|Any CPU
		{CAE8E850-F1B9-43D5-893A-A14663DF6ED6}.Release|Any CPU.ActiveCfg = Release|Any CPU
		{CAE8E850-F1B9-43D5-893A-A14663DF6ED6}.Release|Any CPU.Build.0 = Release|Any CPU
	EndGlobalSection
	GlobalSection(SolutionProperties) = preSolution
		HideSolutionNode = FALSE
	EndGlobalSection
	GlobalSection(ExtensibilityGlobals) = postSolution
		SolutionGuid = {2C2CC2D6-FA4C-4E69-ACD7-E7D50819095C}
	EndGlobalSection
EndGlobal
